
Microsoft Visual Studio Solution File, Format Version 12.00
# Visual Studio Version 17
VisualStudioVersion = 17.14.36603.0
MinimumVisualStudioVersion = 10.0.40219.1
Project("{FAE04EC0-301F-11D3-BF4B-00C04F79EFBC}") = "SharedLibrary", "SharedLibrary\SharedLibrary.csproj", "{FF8BBFC0-F466-48C3-AAA5-3719858FDB53}"
EndProject
Project("{2150E333-8FDC-42A3-9474-1A3956D46DE8}") = "Services", "Services", "{02EA681E-C7D8-13C7-8484-4AC65E1B71E8}"
EndProject
Project("{2150E333-8FDC-42A3-9474-1A3956D46DE8}") = "IdentityService", "IdentityService", "{C05C7C79-D182-4F14-9917-65B9A968E1A4}"
EndProject
Project("{FAE04EC0-301F-11D3-BF4B-00C04F79EFBC}") = "Domain", "Services\IdentityService\Domain\Domain.csproj", "{EC0B5085-226D-4504-891D-40314B81B6EC}"
EndProject
Project("{FAE04EC0-301F-11D3-BF4B-00C04F79EFBC}") = "Infracstructure", "Services\IdentityService\Infracstructure\Infracstructure.csproj", "{C90D34FF-EDC5-4D61-A76E-45D2149C74CD}"
EndProject
Project("{FAE04EC0-301F-11D3-BF4B-00C04F79EFBC}") = "Application", "Services\IdentityService\Application\Application.csproj", "{83C6D6A1-7B9F-4A10-88C0-8357ADAEADF9}"
EndProject
Project("{FAE04EC0-301F-11D3-BF4B-00C04F79EFBC}") = "API", "Services\IdentityService\API\API.csproj", "{AA455BA6-6A1F-48FD-AABC-A4275671A4C4}"
EndProject
Global
	GlobalSection(SolutionConfigurationPlatforms) = preSolution
		Debug|Any CPU = Debug|Any CPU
		Release|Any CPU = Release|Any CPU
	EndGlobalSection
	GlobalSection(ProjectConfigurationPlatforms) = postSolution
		{FF8BBFC0-F466-48C3-AAA5-3719858FDB53}.Debug|Any CPU.ActiveCfg = Debug|Any CPU
		{FF8BBFC0-F466-48C3-AAA5-3719858FDB53}.Debug|Any CPU.Build.0 = Debug|Any CPU
		{FF8BBFC0-F466-48C3-AAA5-3719858FDB53}.Release|Any CPU.ActiveCfg = Release|Any CPU
		{FF8BBFC0-F466-48C3-AAA5-3719858FDB53}.Release|Any CPU.Build.0 = Release|Any CPU
		{EC0B5085-226D-4504-891D-40314B81B6EC}.Debug|Any CPU.ActiveCfg = Debug|Any CPU
		{EC0B5085-226D-4504-891D-40314B81B6EC}.Debug|Any CPU.Build.0 = Debug|Any CPU
		{EC0B5085-226D-4504-891D-40314B81B6EC}.Release|Any CPU.ActiveCfg = Release|Any CPU
		{EC0B5085-226D-4504-891D-40314B81B6EC}.Release|Any CPU.Build.0 = Release|Any CPU
		{C90D34FF-EDC5-4D61-A76E-45D2149C74CD}.Debug|Any CPU.ActiveCfg = Debug|Any CPU
		{C90D34FF-EDC5-4D61-A76E-45D2149C74CD}.Debug|Any CPU.Build.0 = Debug|Any CPU
		{C90D34FF-EDC5-4D61-A76E-45D2149C74CD}.Release|Any CPU.ActiveCfg = Release|Any CPU
		{C90D34FF-EDC5-4D61-A76E-45D2149C74CD}.Release|Any CPU.Build.0 = Release|Any CPU
		{83C6D6A1-7B9F-4A10-88C0-8357ADAEADF9}.Debug|Any CPU.ActiveCfg = Debug|Any CPU
		{83C6D6A1-7B9F-4A10-88C0-8357ADAEADF9}.Debug|Any CPU.Build.0 = Debug|Any CPU
		{83C6D6A1-7B9F-4A10-88C0-8357ADAEADF9}.Release|Any CPU.ActiveCfg = Release|Any CPU
		{83C6D6A1-7B9F-4A10-88C0-8357ADAEADF9}.Release|Any CPU.Build.0 = Release|Any CPU
		{AA455BA6-6A1F-48FD-AABC-A4275671A4C4}.Debug|Any CPU.ActiveCfg = Debug|Any CPU
		{AA455BA6-6A1F-48FD-AABC-A4275671A4C4}.Debug|Any CPU.Build.0 = Debug|Any CPU
		{AA455BA6-6A1F-48FD-AABC-A4275671A4C4}.Release|Any CPU.ActiveCfg = Release|Any CPU
		{AA455BA6-6A1F-48FD-AABC-A4275671A4C4}.Release|Any CPU.Build.0 = Release|Any CPU
	EndGlobalSection
	GlobalSection(SolutionProperties) = preSolution
		HideSolutionNode = FALSE
	EndGlobalSection
	GlobalSection(NestedProjects) = preSolution
		{C05C7C79-D182-4F14-9917-65B9A968E1A4} = {02EA681E-C7D8-13C7-8484-4AC65E1B71E8}
		{EC0B5085-226D-4504-891D-40314B81B6EC} = {C05C7C79-D182-4F14-9917-65B9A968E1A4}
		{C90D34FF-EDC5-4D61-A76E-45D2149C74CD} = {C05C7C79-D182-4F14-9917-65B9A968E1A4}
		{83C6D6A1-7B9F-4A10-88C0-8357ADAEADF9} = {C05C7C79-D182-4F14-9917-65B9A968E1A4}
		{AA455BA6-6A1F-48FD-AABC-A4275671A4C4} = {C05C7C79-D182-4F14-9917-65B9A968E1A4}
	EndGlobalSection
	GlobalSection(ExtensibilityGlobals) = postSolution
		SolutionGuid = {94A9431E-DED2-4D29-BE8C-2903B2600E82}
	EndGlobalSection
EndGlobal
